
Microsoft Visual Studio Solution File, Format Version 12.00
# Visual Studio Version 17
VisualStudioVersion = 17.4.33122.133
MinimumVisualStudioVersion = 10.0.40219.1
Project("{9A19103F-16F7-4668-BE54-9A1E7A4F7556}") = "UserMicroService", "UserMicroService\UserMicroService.csproj", "{25322C47-E3A6-43F7-94A4-736A4FF32E1F}"
EndProject
Project("{2150E333-8FDC-42A3-9474-1A3956D46DE8}") = "Application", "Application", "{DEB2C4AC-ADA9-4FF5-B58A-B3B9F4E18085}"
EndProject
Project("{2150E333-8FDC-42A3-9474-1A3956D46DE8}") = "Data", "Data", "{068A5562-1382-4FF5-BF35-B8290664C1EE}"
EndProject
Project("{9A19103F-16F7-4668-BE54-9A1E7A4F7556}") = "Context", "Data\Context\Context.csproj", "{B03E5A43-00FC-4ABB-9CF7-497D728DD4B7}"
EndProject
Project("{2150E333-8FDC-42A3-9474-1A3956D46DE8}") = "Ioc", "Ioc", "{9F6B4561-5CB9-4B84-A02E-57D122A9DEF2}"
EndProject
Project("{9A19103F-16F7-4668-BE54-9A1E7A4F7556}") = "Ioc", "Ioc\Ioc\Ioc.csproj", "{B386B990-8396-4E13-BA2C-83FB87C6837A}"
EndProject
Project("{2150E333-8FDC-42A3-9474-1A3956D46DE8}") = "Business", "Business", "{EF0D4727-01E9-44E9-ACE6-1CA11DB3B0ED}"
EndProject
Project("{9A19103F-16F7-4668-BE54-9A1E7A4F7556}") = "Service", "Business\Service\Service.csproj", "{8D62EDD5-EDAD-4BB4-9C9B-98D77734ECB8}"
EndProject
Project("{2150E333-8FDC-42A3-9474-1A3956D46DE8}") = "Test", "Test", "{B76C250C-94EF-4866-BCFE-51A47516E025}"
EndProject
Project("{9A19103F-16F7-4668-BE54-9A1E7A4F7556}") = "Repository", "Data\Repository\Repository.csproj", "{687028C7-4EBE-4229-A072-B4FD0A87A6DA}"
EndProject
Project("{9A19103F-16F7-4668-BE54-9A1E7A4F7556}") = "Repository.Interface", "Data\Repository.Interface\Repository.Interface.csproj", "{45D061BC-1116-4E22-B045-9DF6F56E2CCC}"
EndProject
Project("{9A19103F-16F7-4668-BE54-9A1E7A4F7556}") = "Entity", "Data\Entity\Entity.csproj", "{7BCA7666-8C57-46B0-BCA2-A638DB785542}"
EndProject
Project("{FAE04EC0-301F-11D3-BF4B-00C04F79EFBC}") = "Context.Interface", "Data\Context.Interface\Context.Interface.csproj", "{1E1A8E4F-6532-491B-89EE-2C21F9F1E077}"
EndProject
Project("{FAE04EC0-301F-11D3-BF4B-00C04F79EFBC}") = "Service.Interface", "Business\Service.Interface\Service.Interface.csproj", "{5C8C1FEC-CA77-49B0-A9BF-6BD6BA6DF770}"
EndProject
Project("{FAE04EC0-301F-11D3-BF4B-00C04F79EFBC}") = "Model", "Business\Model\Model.csproj", "{C7D294D7-47F3-44D7-891B-2C3EAE620A0C}"
EndProject
Project("{FAE04EC0-301F-11D3-BF4B-00C04F79EFBC}") = "Mapper", "Business\Mapper\Mapper.csproj", "{0126F976-5EB3-4A38-842A-883FD7FCB773}"
EndProject
Project("{FAE04EC0-301F-11D3-BF4B-00C04F79EFBC}") = "Test.Common", "Test\Test.Common\Test.Common.csproj", "{E0238F33-901B-4AAB-B793-83EE9F96A2C5}"
EndProject
Global
	GlobalSection(SolutionConfigurationPlatforms) = preSolution
		Debug|Any CPU = Debug|Any CPU
		Release|Any CPU = Release|Any CPU
	EndGlobalSection
	GlobalSection(ProjectConfigurationPlatforms) = postSolution
		{25322C47-E3A6-43F7-94A4-736A4FF32E1F}.Debug|Any CPU.ActiveCfg = Debug|Any CPU
		{25322C47-E3A6-43F7-94A4-736A4FF32E1F}.Debug|Any CPU.Build.0 = Debug|Any CPU
		{25322C47-E3A6-43F7-94A4-736A4FF32E1F}.Release|Any CPU.ActiveCfg = Release|Any CPU
		{25322C47-E3A6-43F7-94A4-736A4FF32E1F}.Release|Any CPU.Build.0 = Release|Any CPU
		{B03E5A43-00FC-4ABB-9CF7-497D728DD4B7}.Debug|Any CPU.ActiveCfg = Debug|Any CPU
		{B03E5A43-00FC-4ABB-9CF7-497D728DD4B7}.Debug|Any CPU.Build.0 = Debug|Any CPU
		{B03E5A43-00FC-4ABB-9CF7-497D728DD4B7}.Release|Any CPU.ActiveCfg = Release|Any CPU
		{B03E5A43-00FC-4ABB-9CF7-497D728DD4B7}.Release|Any CPU.Build.0 = Release|Any CPU
		{B386B990-8396-4E13-BA2C-83FB87C6837A}.Debug|Any CPU.ActiveCfg = Debug|Any CPU
		{B386B990-8396-4E13-BA2C-83FB87C6837A}.Debug|Any CPU.Build.0 = Debug|Any CPU
		{B386B990-8396-4E13-BA2C-83FB87C6837A}.Release|Any CPU.ActiveCfg = Release|Any CPU
		{B386B990-8396-4E13-BA2C-83FB87C6837A}.Release|Any CPU.Build.0 = Release|Any CPU
		{8D62EDD5-EDAD-4BB4-9C9B-98D77734ECB8}.Debug|Any CPU.ActiveCfg = Debug|Any CPU
		{8D62EDD5-EDAD-4BB4-9C9B-98D77734ECB8}.Debug|Any CPU.Build.0 = Debug|Any CPU
		{8D62EDD5-EDAD-4BB4-9C9B-98D77734ECB8}.Release|Any CPU.ActiveCfg = Release|Any CPU
		{8D62EDD5-EDAD-4BB4-9C9B-98D77734ECB8}.Release|Any CPU.Build.0 = Release|Any CPU
		{687028C7-4EBE-4229-A072-B4FD0A87A6DA}.Debug|Any CPU.ActiveCfg = Debug|Any CPU
		{687028C7-4EBE-4229-A072-B4FD0A87A6DA}.Debug|Any CPU.Build.0 = Debug|Any CPU
		{687028C7-4EBE-4229-A072-B4FD0A87A6DA}.Release|Any CPU.ActiveCfg = Release|Any CPU
		{687028C7-4EBE-4229-A072-B4FD0A87A6DA}.Release|Any CPU.Build.0 = Release|Any CPU
		{45D061BC-1116-4E22-B045-9DF6F56E2CCC}.Debug|Any CPU.ActiveCfg = Debug|Any CPU
		{45D061BC-1116-4E22-B045-9DF6F56E2CCC}.Debug|Any CPU.Build.0 = Debug|Any CPU
		{45D061BC-1116-4E22-B045-9DF6F56E2CCC}.Release|Any CPU.ActiveCfg = Release|Any CPU
		{45D061BC-1116-4E22-B045-9DF6F56E2CCC}.Release|Any CPU.Build.0 = Release|Any CPU
		{7BCA7666-8C57-46B0-BCA2-A638DB785542}.Debug|Any CPU.ActiveCfg = Debug|Any CPU
		{7BCA7666-8C57-46B0-BCA2-A638DB785542}.Debug|Any CPU.Build.0 = Debug|Any CPU
		{7BCA7666-8C57-46B0-BCA2-A638DB785542}.Release|Any CPU.ActiveCfg = Release|Any CPU
		{7BCA7666-8C57-46B0-BCA2-A638DB785542}.Release|Any CPU.Build.0 = Release|Any CPU
		{1E1A8E4F-6532-491B-89EE-2C21F9F1E077}.Debug|Any CPU.ActiveCfg = Debug|Any CPU
		{1E1A8E4F-6532-491B-89EE-2C21F9F1E077}.Debug|Any CPU.Build.0 = Debug|Any CPU
		{1E1A8E4F-6532-491B-89EE-2C21F9F1E077}.Release|Any CPU.ActiveCfg = Release|Any CPU
		{1E1A8E4F-6532-491B-89EE-2C21F9F1E077}.Release|Any CPU.Build.0 = Release|Any CPU
		{5C8C1FEC-CA77-49B0-A9BF-6BD6BA6DF770}.Debug|Any CPU.ActiveCfg = Debug|Any CPU
		{5C8C1FEC-CA77-49B0-A9BF-6BD6BA6DF770}.Debug|Any CPU.Build.0 = Debug|Any CPU
		{5C8C1FEC-CA77-49B0-A9BF-6BD6BA6DF770}.Release|Any CPU.ActiveCfg = Release|Any CPU
		{5C8C1FEC-CA77-49B0-A9BF-6BD6BA6DF770}.Release|Any CPU.Build.0 = Release|Any CPU
		{C7D294D7-47F3-44D7-891B-2C3EAE620A0C}.Debug|Any CPU.ActiveCfg = Debug|Any CPU
		{C7D294D7-47F3-44D7-891B-2C3EAE620A0C}.Debug|Any CPU.Build.0 = Debug|Any CPU
		{C7D294D7-47F3-44D7-891B-2C3EAE620A0C}.Release|Any CPU.ActiveCfg = Release|Any CPU
		{C7D294D7-47F3-44D7-891B-2C3EAE620A0C}.Release|Any CPU.Build.0 = Release|Any CPU
		{0126F976-5EB3-4A38-842A-883FD7FCB773}.Debug|Any CPU.ActiveCfg = Debug|Any CPU
		{0126F976-5EB3-4A38-842A-883FD7FCB773}.Debug|Any CPU.Build.0 = Debug|Any CPU
		{0126F976-5EB3-4A38-842A-883FD7FCB773}.Release|Any CPU.ActiveCfg = Release|Any CPU
		{0126F976-5EB3-4A38-842A-883FD7FCB773}.Release|Any CPU.Build.0 = Release|Any CPU
		{E0238F33-901B-4AAB-B793-83EE9F96A2C5}.Debug|Any CPU.ActiveCfg = Debug|Any CPU
		{E0238F33-901B-4AAB-B793-83EE9F96A2C5}.Debug|Any CPU.Build.0 = Debug|Any CPU
		{E0238F33-901B-4AAB-B793-83EE9F96A2C5}.Release|Any CPU.ActiveCfg = Release|Any CPU
		{E0238F33-901B-4AAB-B793-83EE9F96A2C5}.Release|Any CPU.Build.0 = Release|Any CPU
	EndGlobalSection
	GlobalSection(SolutionProperties) = preSolution
		HideSolutionNode = FALSE
	EndGlobalSection
	GlobalSection(NestedProjects) = preSolution
		{25322C47-E3A6-43F7-94A4-736A4FF32E1F} = {DEB2C4AC-ADA9-4FF5-B58A-B3B9F4E18085}
		{B03E5A43-00FC-4ABB-9CF7-497D728DD4B7} = {068A5562-1382-4FF5-BF35-B8290664C1EE}
		{B386B990-8396-4E13-BA2C-83FB87C6837A} = {9F6B4561-5CB9-4B84-A02E-57D122A9DEF2}
		{8D62EDD5-EDAD-4BB4-9C9B-98D77734ECB8} = {EF0D4727-01E9-44E9-ACE6-1CA11DB3B0ED}
		{687028C7-4EBE-4229-A072-B4FD0A87A6DA} = {068A5562-1382-4FF5-BF35-B8290664C1EE}
		{45D061BC-1116-4E22-B045-9DF6F56E2CCC} = {068A5562-1382-4FF5-BF35-B8290664C1EE}
		{7BCA7666-8C57-46B0-BCA2-A638DB785542} = {068A5562-1382-4FF5-BF35-B8290664C1EE}
		{1E1A8E4F-6532-491B-89EE-2C21F9F1E077} = {068A5562-1382-4FF5-BF35-B8290664C1EE}
		{5C8C1FEC-CA77-49B0-A9BF-6BD6BA6DF770} = {EF0D4727-01E9-44E9-ACE6-1CA11DB3B0ED}
		{C7D294D7-47F3-44D7-891B-2C3EAE620A0C} = {EF0D4727-01E9-44E9-ACE6-1CA11DB3B0ED}
		{0126F976-5EB3-4A38-842A-883FD7FCB773} = {EF0D4727-01E9-44E9-ACE6-1CA11DB3B0ED}
		{E0238F33-901B-4AAB-B793-83EE9F96A2C5} = {B76C250C-94EF-4866-BCFE-51A47516E025}
	EndGlobalSection
	GlobalSection(ExtensibilityGlobals) = postSolution
		SolutionGuid = {91BE1EC4-90F1-45B6-9889-FF648A221BF2}
	EndGlobalSection
EndGlobal
